{
  "version": 4,
  "terraform_version": "1.2.2",
  "serial": 23,
  "lineage": "e6b0ec34-e062-8cb4-ea0b-91396484b637",
  "outputs": {},
  "resources": [
    {
      "mode": "managed",
      "type": "googleworkspace_org_unit",
      "name": "accounts",
      "provider": "provider[\"registry.terraform.io/hashicorp/googleworkspace\"]",
      "instances": [
        {
          "schema_version": 0,
          "attributes": {
            "block_inheritance": false,
            "description": "All user accounts",
            "etag": "\"DaDAXuEwpvygu_Ul-89tlT4iVJBEvO3LZpQ0lrbYRrc/h4Q3SWjswoyK2UOX5aA-WAQidOc\"",
            "id": "id:03ph8a2z1vrhwnz",
            "name": "accounts",
            "org_unit_id": "id:03ph8a2z1vrhwnz",
            "org_unit_path": "/accounts",
            "parent_org_unit_id": "id:03ph8a2z15f5vz0",
            "parent_org_unit_path": "/"
          },
          "sensitive_attributes": [],
          "private": "bnVsbA=="
        }
      ]
    },
    {
      "mode": "managed",
      "type": "googleworkspace_org_unit",
      "name": "av_devices",
      "provider": "provider[\"registry.terraform.io/hashicorp/googleworkspace\"]",
      "instances": [
        {
          "schema_version": 0,
          "attributes": {
            "block_inheritance": false,
            "description": "AV devices in meeting rooms and wallboards",
            "etag": "\"DaDAXuEwpvygu_Ul-89tlT4iVJBEvO3LZpQ0lrbYRrc/0d3wYvqZe_z07NRUhqUsxc3uOGI\"",
            "id": "id:03ph8a2z2kq4tr7",
            "name": "av_devices",
            "org_unit_id": "id:03ph8a2z2kq4tr7",
            "org_unit_path": "/devices/av_devices",
            "parent_org_unit_id": "id:03ph8a2z1lhqfd8",
            "parent_org_unit_path": "/devices"
          },
          "sensitive_attributes": [],
          "private": "bnVsbA=="
        }
      ]
    },
    {
      "mode": "managed",
      "type": "googleworkspace_org_unit",
      "name": "bots",
      "provider": "provider[\"registry.terraform.io/hashicorp/googleworkspace\"]",
      "instances": [
        {
          "schema_version": 0,
          "attributes": {
            "block_inheritance": false,
            "description": "OU for \"Non Human\" acounts",
            "etag": "\"DaDAXuEwpvygu_Ul-89tlT4iVJBEvO3LZpQ0lrbYRrc/8fpoLLf4qEg7d9AO4_FJIC64J1o\"",
            "id": "id:03ph8a2z20shdqp",
            "name": "bot_accounts",
            "org_unit_id": "id:03ph8a2z20shdqp",
            "org_unit_path": "/accounts/bot_accounts",
            "parent_org_unit_id": "id:03ph8a2z1vrhwnz",
            "parent_org_unit_path": "/accounts"
          },
          "sensitive_attributes": [],
          "private": "bnVsbA=="
        }
      ]
    },
    {
      "mode": "managed",
      "type": "googleworkspace_org_unit",
      "name": "devices",
      "provider": "provider[\"registry.terraform.io/hashicorp/googleworkspace\"]",
      "instances": [
        {
          "schema_version": 0,
          "attributes": {
            "block_inheritance": false,
            "description": "OU for devices only",
            "etag": "\"DaDAXuEwpvygu_Ul-89tlT4iVJBEvO3LZpQ0lrbYRrc/zf1FdXoPUZgABur1hhkOMlGfoAk\"",
            "id": "id:03ph8a2z1lhqfd8",
            "name": "devices",
            "org_unit_id": "id:03ph8a2z1lhqfd8",
            "org_unit_path": "/devices",
            "parent_org_unit_id": "id:03ph8a2z15f5vz0",
            "parent_org_unit_path": "/"
          },
          "sensitive_attributes": [],
          "private": "bnVsbA=="
        }
      ]
    },
    {
      "mode": "managed",
      "type": "googleworkspace_org_unit",
      "name": "humans",
      "provider": "provider[\"registry.terraform.io/hashicorp/googleworkspace\"]",
      "instances": [
        {
          "schema_version": 0,
          "attributes": {
            "block_inheritance": false,
            "description": "Only real humans in this OU",
            "etag": "\"DaDAXuEwpvygu_Ul-89tlT4iVJBEvO3LZpQ0lrbYRrc/MOjjIfp1yY5G1-U77l9Km9OcFpg\"",
            "id": "id:03ph8a2z3c30bpr",
            "name": "humans",
            "org_unit_id": "id:03ph8a2z3c30bpr",
            "org_unit_path": "/accounts/humans",
            "parent_org_unit_id": "id:03ph8a2z1vrhwnz",
            "parent_org_unit_path": "/accounts"
          },
          "sensitive_attributes": [],
          "private": "bnVsbA=="
        }
      ]
    },
    {
      "mode": "managed",
      "type": "googleworkspace_org_unit",
      "name": "meeting_room_devices",
      "provider": "provider[\"registry.terraform.io/hashicorp/googleworkspace\"]",
      "instances": [
        {
          "schema_version": 0,
          "attributes": {
            "block_inheritance": false,
            "description": "Meeting Room Devices",
            "etag": "\"DaDAXuEwpvygu_Ul-89tlT4iVJBEvO3LZpQ0lrbYRrc/2KXqMajmKOLyMVIjyd3QTuxkOZY\"",
            "id": "id:03ph8a2z2y6r13p",
            "name": "meeting_room_devices",
            "org_unit_id": "id:03ph8a2z2y6r13p",
            "org_unit_path": "/devices/av_devices/meeting_room_devices",
            "parent_org_unit_id": "id:03ph8a2z2kq4tr7",
            "parent_org_unit_path": "/devices/av_devices"
          },
          "sensitive_attributes": [],
          "private": "bnVsbA=="
        }
      ]
    },
    {
      "mode": "managed",
      "type": "googleworkspace_org_unit",
      "name": "pre_existing_ou",
      "provider": "provider[\"registry.terraform.io/hashicorp/googleworkspace\"]",
      "instances": [
        {
          "schema_version": 0,
          "attributes": {
            "block_inheritance": false,
            "description": "I've commandered this OU with Terraform!",
            "etag": "\"DaDAXuEwpvygu_Ul-89tlT4iVJBEvO3LZpQ0lrbYRrc/sGgrtXeCqqe8hgyKtqfblZW_9pk\"",
            "id": "id:03ph8a2z3998g19",
            "name": "PreExistingOU",
            "org_unit_id": "id:03ph8a2z3998g19",
            "org_unit_path": "/PreExistingOU",
            "parent_org_unit_id": "id:03ph8a2z15f5vz0",
            "parent_org_unit_path": "/"
          },
          "sensitive_attributes": [],
          "private": "bnVsbA=="
        }
      ]
    }
  ]
}
